Microsoft Visual Studio Solution File, Format Version 12.00
# Visual Studio Version 17
VisualStudioVersion = 17.14.36121.58
MinimumVisualStudioVersion = 10.0.40219.1
Project("{2150E333-8FDC-42A3-9474-1A3956D46DE8}") = "Bibliotecas", "Bibliotecas", "{02EA681E-C7D8-13C7-8484-4AC65E1B71E8}"
EndProject
Project("{FAE04EC0-301F-11D3-BF4B-00C04F79EFBC}") = "Etiquetas.Bibliotecas.TaskCore", "Bibliotecas\Etiquetas.Bibliotecas.TaskCore\Etiquetas.Bibliotecas.TaskCore.csproj", "{06EC6891-C088-FC6D-2BBE-D6263E9E1344}"
EndProject
Project("{FAE04EC0-301F-11D3-BF4B-00C04F79EFBC}") = "Etiqueta.Bibliotecas.TaskCorePipe", "Bibliotecas\Etiqueta.Bibliotecas.TaskCorePipe\Etiqueta.Bibliotecas.TaskCorePipe.csproj", "{A1B2C3D4-E5F6-4789-A0B1-C2D3E4F5A6B7}"
EndProject
Project("{FAE04EC0-301F-11D3-BF4B-00C04F79EFBC}") = "Etiquetas.Bibliotecas.Streams", "Bibliotecas\Etiquetas.Bibliotecas.Streams\Etiquetas.Bibliotecas.Streams.csproj", "{9F020754-569B-0283-BD4E-C13E651D646B}"
EndProject
Project("{FAE04EC0-301F-11D3-BF4B-00C04F79EFBC}") = "Etiquetas.Bibliotecas.StreamsTXT", "Bibliotecas\Etiquetas.Bibliotecas.StreamsTXT\Etiquetas.Bibliotecas.StreamsTXT.csproj", "{A97C6DB0-3BAD-F93A-D7E8-D0D6F91ADC35}"
EndProject
Project("{FAE04EC0-301F-11D3-BF4B-00C04F79EFBC}") = "Etiquetas.Bibliotecas.Armazem", "Bibliotecas\Etiquetas.Bibliotecas.Armazem\Etiquetas.Bibliotecas.Armazem.csproj", "{63D97F96-98D7-61D8-2BFA-301D0504E802}"
EndProject
Project("{FAE04EC0-301F-11D3-BF4B-00C04F79EFBC}") = "Etiquetas.Bibliotecas.Json", "Bibliotecas\Etiquetas.Bibliotecas.Json\Etiquetas.Bibliotecas.Json.csproj", "{A1B2C3D4-E5F6-4789-A0B1-C2D3E4F5A6B9}"
EndProject
Project("{FAE04EC0-301F-11D3-BF4B-00C04F79EFBC}") = "Etiquetas.Bibliotecas.Xml", "Bibliotecas\Etiquetas.Bibliotecas.Xml\Etiquetas.Bibliotecas.Xml.csproj", "{F9A8B6C7-D8E9-4A3B-A2F1-0B9C8D7E6F5B}"
EndProject
Project("{2150E333-8FDC-42A3-9474-1A3956D46DE8}") = "Testes", "Testes", "{1A3670AE-63FB-4C51-86ED-00BDF3E68118}"
EndProject
Project("{FAE04EC0-301F-11D3-BF4B-00C04F79EFBC}") = "Etiquetas.Bibliotecas.TaskCore.Tests", "Testes\Etiquetas.Bibliotecas.TaskCore.Tests\Etiquetas.Bibliotecas.TaskCore.Tests.csproj", "{C045C52E-15CB-4ED0-99F8-D77C29F47D36}"
EndProject
Project("{FAE04EC0-301F-11D3-BF4B-00C04F79EFBC}") = "Etiquetas.Bibliotecas.Armazem.Tests", "Testes\Etiquetas.Bibliotecas.Armazem.Tests\Etiquetas.Bibliotecas.Armazem.Tests.csproj", "{9A6E2DE0-056F-4788-A437-EB4B591FFE0C}"
EndProject
Project("{FAE04EC0-301F-11D3-BF4B-00C04F79EFBC}") = "Etiquetas.Bibliotecas.Streams.Tests", "Testes\Etiquetas.Bibliotecas.Streams.Tests\Etiquetas.Bibliotecas.Streams.Tests.csproj", "{96B070AA-F8C5-4255-9359-669C7354B3C3}"
EndProject
Project("{FAE04EC0-301F-11D3-BF4B-00C04F79EFBC}") = "Etiquetas.Bibliotecas.StreamsTXT.Tests", "Testes\Etiquetas.Bibliotecas.StreamsTXT.Tests\Etiquetas.Bibliotecas.StreamsTXT.Tests.csproj", "{D240461D-32D2-4B6C-BE54-6C4E97B2F79C}"
EndProject
Project("{FAE04EC0-301F-11D3-BF4B-00C04F79EFBC}") = "Etiqueta.Bibliotecas.TaskCorePipe.Tests", "Testes\Etiqueta.Bibliotecas.TaskCorePipe.Tests\Etiqueta.Bibliotecas.TaskCorePipe.Tests.csproj", "{B2C3D4E5-F6A1-4789-A0B1-C2D3E4F5A6B7}"
EndProject
Project("{FAE04EC0-301F-11D3-BF4B-00C04F79EFBC}") = "Etiquetas.Bibliotecas.Comum", "Bibliotecas\EtiquetasBibliotecas.Comum\Etiquetas.Bibliotecas.Comum.csproj", "{C1CFAEE5-0965-B881-26E6-8AD1A7258C75}"
EndProject
Project("{FAE04EC0-301F-11D3-BF4B-00C04F79EFBC}") = "Etiquetas.Bibliotecas.Comum.Tests", "Testes\Etiquetas.Bibliotecas.Comum.Tests\Etiquetas.Bibliotecas.Comum.Tests.csproj", "{F9A8B6C7-D8E9-4A3B-A2F1-0B9C8D7E6F5A}"
EndProject
Project("{FAE04EC0-301F-11D3-BF4B-00C04F79EFBC}") = "Etiquetas.Bibliotecas.Json.Tests", "Testes\Etiquetas.Bibliotecas.Json.Tests\Etiquetas.Bibliotecas.Json.Tests.csproj", "{F716AF65-3BBA-4450-A262-EF3E7607C7D5}"
EndProject
Global
	GlobalSection(SolutionConfigurationPlatforms) = preSolution
		Debug|Any CPU = Debug|Any CPU
		Release|Any CPU = Release|Any CPU
	EndGlobalSection
	GlobalSection(ProjectConfigurationPlatforms) = postSolution
		{06EC6891-C088-FC6D-2BBE-D6263E9E1344}.Debug|Any CPU.ActiveCfg = Debug|Any CPU
		{06EC6891-C088-FC6D-2BBE-D6263E9E1344}.Debug|Any CPU.Build.0 = Debug|Any CPU
		{06EC6891-C088-FC6D-2BBE-D6263E9E1344}.Release|Any CPU.ActiveCfg = Release|Any CPU
		{06EC6891-C088-FC6D-2BBE-D6263E9E1344}.Release|Any CPU.Build.0 = Release|Any CPU
		{A1B2C3D4-E5F6-4789-A0B1-C2D3E4F5A6B7}.Debug|Any CPU.ActiveCfg = Debug|Any CPU
		{A1B2C3D4-E5F6-4789-A0B1-C2D3E4F5A6B7}.Debug|Any CPU.Build.0 = Debug|Any CPU
		{A1B2C3D4-E5F6-4789-A0B1-C2D3E4F5A6B7}.Release|Any CPU.ActiveCfg = Release|Any CPU
		{A1B2C3D4-E5F6-4789-A0B1-C2D3E4F5A6B7}.Release|Any CPU.Build.0 = Release|Any CPU
		{9F020754-569B-0283-BD4E-C13E651D646B}.Debug|Any CPU.ActiveCfg = Debug|Any CPU
		{9F020754-569B-0283-BD4E-C13E651D646B}.Debug|Any CPU.Build.0 = Debug|Any CPU
		{9F020754-569B-0283-BD4E-C13E651D646B}.Release|Any CPU.ActiveCfg = Release|Any CPU
		{9F020754-569B-0283-BD4E-C13E651D646B}.Release|Any CPU.Build.0 = Release|Any CPU
		{A97C6DB0-3BAD-F93A-D7E8-D0D6F91ADC35}.Debug|Any CPU.ActiveCfg = Debug|Any CPU
		{A97C6DB0-3BAD-F93A-D7E8-D0D6F91ADC35}.Debug|Any CPU.Build.0 = Debug|Any CPU
		{A97C6DB0-3BAD-F93A-D7E8-D0D6F91ADC35}.Release|Any CPU.ActiveCfg = Release|Any CPU
		{A97C6DB0-3BAD-F93A-D7E8-D0D6F91ADC35}.Release|Any CPU.Build.0 = Release|Any CPU
		{63D97F96-98D7-61D8-2BFA-301D0504E802}.Debug|Any CPU.ActiveCfg = Debug|Any CPU
		{63D97F96-98D7-61D8-2BFA-301D0504E802}.Debug|Any CPU.Build.0 = Debug|Any CPU
		{63D97F96-98D7-61D8-2BFA-301D0504E802}.Release|Any CPU.ActiveCfg = Release|Any CPU
		{63D97F96-98D7-61D8-2BFA-301D0504E802}.Release|Any CPU.Build.0 = Release|Any CPU
		{A1B2C3D4-E5F6-4789-A0B1-C2D3E4F5A6B9}.Debug|Any CPU.ActiveCfg = Debug|Any CPU
		{A1B2C3D4-E5F6-4789-A0B1-C2D3E4F5A6B9}.Debug|Any CPU.Build.0 = Debug|Any CPU
		{A1B2C3D4-E5F6-4789-A0B1-C2D3E4F5A6B9}.Release|Any CPU.ActiveCfg = Release|Any CPU
		{A1B2C3D4-E5F6-4789-A0B1-C2D3E4F5A6B9}.Release|Any CPU.Build.0 = Release|Any CPU
		{F9A8B6C7-D8E9-4A3B-A2F1-0B9C8D7E6F5B}.Debug|Any CPU.ActiveCfg = Debug|Any CPU
		{F9A8B6C7-D8E9-4A3B-A2F1-0B9C8D7E6F5B}.Debug|Any CPU.Build.0 = Debug|Any CPU
		{F9A8B6C7-D8E9-4A3B-A2F1-0B9C8D7E6F5B}.Release|Any CPU.ActiveCfg = Release|Any CPU
		{F9A8B6C7-D8E9-4A3B-A2F1-0B9C8D7E6F5B}.Release|Any CPU.Build.0 = Release|Any CPU
		{C045C52E-15CB-4ED0-99F8-D77C29F47D36}.Debug|Any CPU.ActiveCfg = Debug|Any CPU
		{C045C52E-15CB-4ED0-99F8-D77C29F47D36}.Debug|Any CPU.Build.0 = Debug|Any CPU
		{C045C52E-15CB-4ED0-99F8-D77C29F47D36}.Release|Any CPU.ActiveCfg = Release|Any CPU
		{C045C52E-15CB-4ED0-99F8-D77C29F47D36}.Release|Any CPU.Build.0 = Release|Any CPU
		{9A6E2DE0-056F-4788-A437-EB4B591FFE0C}.Debug|Any CPU.ActiveCfg = Debug|Any CPU
		{9A6E2DE0-056F-4788-A437-EB4B591FFE0C}.Debug|Any CPU.Build.0 = Debug|Any CPU
		{9A6E2DE0-056F-4788-A437-EB4B591FFE0C}.Release|Any CPU.ActiveCfg = Release|Any CPU
		{9A6E2DE0-056F-4788-A437-EB4B591FFE0C}.Release|Any CPU.Build.0 = Release|Any CPU
		{96B070AA-F8C5-4255-9359-669C7354B3C3}.Debug|Any CPU.ActiveCfg = Debug|Any CPU
		{96B070AA-F8C5-4255-9359-669C7354B3C3}.Debug|Any CPU.Build.0 = Debug|Any CPU
		{96B070AA-F8C5-4255-9359-669C7354B3C3}.Release|Any CPU.ActiveCfg = Release|Any CPU
		{96B070AA-F8C5-4255-9359-669C7354B3C3}.Release|Any CPU.Build.0 = Release|Any CPU
		{D240461D-32D2-4B6C-BE54-6C4E97B2F79C}.Debug|Any CPU.ActiveCfg = Debug|Any CPU
		{D240461D-32D2-4B6C-BE54-6C4E97B2F79C}.Debug|Any CPU.Build.0 = Debug|Any CPU
		{D240461D-32D2-4B6C-BE54-6C4E97B2F79C}.Release|Any CPU.ActiveCfg = Release|Any CPU
		{D240461D-32D2-4B6C-BE54-6C4E97B2F79C}.Release|Any CPU.Build.0 = Release|Any CPU
		{B2C3D4E5-F6A1-4789-A0B1-C2D3E4F5A6B7}.Debug|Any CPU.ActiveCfg = Debug|Any CPU
		{B2C3D4E5-F6A1-4789-A0B1-C2D3E4F5A6B7}.Debug|Any CPU.Build.0 = Debug|Any CPU
		{B2C3D4E5-F6A1-4789-A0B1-C2D3E4F5A6B7}.Release|Any CPU.ActiveCfg = Release|Any CPU
		{B2C3D4E5-F6A1-4789-A0B1-C2D3E4F5A6B7}.Release|Any CPU.Build.0 = Release|Any CPU
		{C1CFAEE5-0965-B881-26E6-8AD1A7258C75}.Debug|Any CPU.ActiveCfg = Debug|Any CPU
		{C1CFAEE5-0965-B881-26E6-8AD1A7258C75}.Debug|Any CPU.Build.0 = Debug|Any CPU
		{C1CFAEE5-0965-B881-26E6-8AD1A7258C75}.Release|Any CPU.ActiveCfg = Release|Any CPU
		{C1CFAEE5-0965-B881-26E6-8AD1A7258C75}.Release|Any CPU.Build.0 = Release|Any CPU
		{F9A8B6C7-D8E9-4A3B-A2F1-0B9C8D7E6F5A}.Debug|Any CPU.ActiveCfg = Debug|Any CPU
		{F9A8B6C7-D8E9-4A3B-A2F1-0B9C8D7E6F5A}.Debug|Any CPU.Build.0 = Debug|Any CPU
		{F9A8B6C7-D8E9-4A3B-A2F1-0B9C8D7E6F5A}.Release|Any CPU.ActiveCfg = Release|Any CPU
		{F9A8B6C7-D8E9-4A3B-A2F1-0B9C8D7E6F5A}.Release|Any CPU.Build.0 = Release|Any CPU
		{F716AF65-3BBA-4450-A262-EF3E7607C7D5}.Debug|Any CPU.ActiveCfg = Debug|Any CPU
		{F716AF65-3BBA-4450-A262-EF3E7607C7D5}.Debug|Any CPU.Build.0 = Debug|Any CPU
		{F716AF65-3BBA-4450-A262-EF3E7607C7D5}.Release|Any CPU.ActiveCfg = Release|Any CPU
		{F716AF65-3BBA-4450-A262-EF3E7607C7D5}.Release|Any CPU.Build.0 = Release|Any CPU
	EndGlobalSection
	GlobalSection(SolutionProperties) = preSolution
		HideSolutionNode = FALSE
	EndGlobalSection
	GlobalSection(NestedProjects) = preSolution
		{06EC6891-C088-FC6D-2BBE-D6263E9E1344} = {02EA681E-C7D8-13C7-8484-4AC65E1B71E8}
		{A1B2C3D4-E5F6-4789-A0B1-C2D3E4F5A6B7} = {02EA681E-C7D8-13C7-8484-4AC65E1B71E8}
		{9F020754-569B-0283-BD4E-C13E651D646B} = {02EA681E-C7D8-13C7-8484-4AC65E1B71E8}
		{A97C6DB0-3BAD-F93A-D7E8-D0D6F91ADC35} = {02EA681E-C7D8-13C7-8484-4AC65E1B71E8}
		{63D97F96-98D7-61D8-2BFA-301D0504E802} = {02EA681E-C7D8-13C7-8484-4AC65E1B71E8}
		{A1B2C3D4-E5F6-4789-A0B1-C2D3E4F5A6B9} = {02EA681E-C7D8-13C7-8484-4AC65E1B71E8}
		{F9A8B6C7-D8E9-4A3B-A2F1-0B9C8D7E6F5B} = {02EA681E-C7D8-13C7-8484-4AC65E1B71E8}
		{C045C52E-15CB-4ED0-99F8-D77C29F47D36} = {1A3670AE-63FB-4C51-86ED-00BDF3E68118}
		{9A6E2DE0-056F-4788-A437-EB4B591FFE0C} = {1A3670AE-63FB-4C51-86ED-00BDF3E68118}
		{96B070AA-F8C5-4255-9359-669C7354B3C3} = {1A3670AE-63FB-4C51-86ED-00BDF3E68118}
		{D240461D-32D2-4B6C-BE54-6C4E97B2F79C} = {1A3670AE-63FB-4C51-86ED-00BDF3E68118}
		{B2C3D4E5-F6A1-4789-A0B1-C2D3E4F5A6B7} = {1A3670AE-63FB-4C51-86ED-00BDF3E68118}
		{C1CFAEE5-0965-B881-26E6-8AD1A7258C75} = {02EA681E-C7D8-13C7-8484-4AC65E1B71E8}
		{F9A8B6C7-D8E9-4A3B-A2F1-0B9C8D7E6F5A} = {1A3670AE-63FB-4C51-86ED-00BDF3E68118}
		{F716AF65-3BBA-4450-A262-EF3E7607C7D5} = {1A3670AE-63FB-4C51-86ED-00BDF3E68118}
	EndGlobalSection
	GlobalSection(ExtensibilityGlobals) = postSolution
		SolutionGuid = {B3D89711-8D06-47BC-80B4-ECCCC2E60B31}
	EndGlobalSection
EndGlobal
