
Microsoft Visual Studio Solution File, Format Version 12.00
# Visual Studio Version 17
VisualStudioVersion = 17.14.36603.0
MinimumVisualStudioVersion = 10.0.40219.1
Project("{FAE04EC0-301F-11D3-BF4B-00C04F79EFBC}") = "Etiquetas.Bibliotecas.Armazem", "Bibliotecas\Etiquetas.Bibliotecas.Armazem\Etiquetas.Bibliotecas.Armazem.csproj", "{63D97F96-98D7-61D8-2BFA-301D0504E802}"
EndProject
Project("{2150E333-8FDC-42A3-9474-1A3956D46DE8}") = "Bibliotecas", "Bibliotecas", "{02EA681E-C7D8-13C7-8484-4AC65E1B71E8}"
EndProject
Project("{FAE04EC0-301F-11D3-BF4B-00C04F79EFBC}") = "Etiquetas.Bibliotecas.Contador", "Bibliotecas\Etiquetas.Bibliotecas.Contador\Etiquetas.Bibliotecas.Contador.csproj", "{6DF7EE74-EC7E-9DF2-1BA3-578C7B0CC59B}"
EndProject
Project("{FAE04EC0-301F-11D3-BF4B-00C04F79EFBC}") = "Etiquetas.Bibliotecas.Documentos", "Bibliotecas\Etiquetas.Bibliotecas.Documentos\Etiquetas.Bibliotecas.Documentos.csproj", "{9D976E0B-E271-E4B3-7F0C-A21E43BC682D}"
EndProject
Project("{FAE04EC0-301F-11D3-BF4B-00C04F79EFBC}") = "Etiquetas.Bibliotecas.Json", "Bibliotecas\Etiquetas.Bibliotecas.Json\Etiquetas.Bibliotecas.Json.csproj", "{8BB9E989-78B2-CD15-E872-12DB55F44386}"
EndProject
Project("{FAE04EC0-301F-11D3-BF4B-00C04F79EFBC}") = "Etiquetas.Bibliotecas.Comum", "Bibliotecas\Etiquetas.Bibliotecas.Comum\Etiquetas.Bibliotecas.Comum.csproj", "{1FF063F8-F55D-1B5F-7E68-92A108BA5352}"
EndProject
Project("{FAE04EC0-301F-11D3-BF4B-00C04F79EFBC}") = "Etiquetas.Bibliotecas.Streams", "Bibliotecas\Etiquetas.Bibliotecas.Streams\Etiquetas.Bibliotecas.Streams.csproj", "{9F020754-569B-0283-BD4E-C13E651D646B}"
EndProject
Project("{FAE04EC0-301F-11D3-BF4B-00C04F79EFBC}") = "Etiquetas.Bibliotecas.StreamsTXT", "Bibliotecas\Etiquetas.Bibliotecas.StreamsTXT\Etiquetas.Bibliotecas.StreamsTXT.csproj", "{A97C6DB0-3BAD-F93A-D7E8-D0D6F91ADC35}"
EndProject
Project("{FAE04EC0-301F-11D3-BF4B-00C04F79EFBC}") = "Etiquetas.Bibliotecas.TaskCore", "Bibliotecas\Etiquetas.Bibliotecas.TaskCore\Etiquetas.Bibliotecas.TaskCore.csproj", "{95B32FF9-F7A9-5C67-9738-CB1B0BF03CB2}"
EndProject
Project("{FAE04EC0-301F-11D3-BF4B-00C04F79EFBC}") = "Etiquetas.Bibliotecas.TaskCorePipe", "Bibliotecas\Etiquetas.Bibliotecas.TaskCorePipe\Etiquetas.Bibliotecas.TaskCorePipe.csproj", "{0A029F61-80EA-5C7D-DF69-FFFB5BC4E7B0}"
EndProject
Project("{FAE04EC0-301F-11D3-BF4B-00C04F79EFBC}") = "Etiquetas.Bibliotecas.TCPCliente", "Bibliotecas\Etiquetas.Bibliotecas.TCPCliente\Etiquetas.Bibliotecas.TCPCliente.csproj", "{C7431669-CE8A-3271-4350-233CBDED4D5C}"
EndProject
Project("{FAE04EC0-301F-11D3-BF4B-00C04F79EFBC}") = "Etiquetas.Bibliotecas.TTFRenderizacao", "Bibliotecas\Etiquetas.Bibliotecas.TTFRenderizacao\Etiquetas.Bibliotecas.TTFRenderizacao.csproj", "{E3467729-2905-D999-96A4-8A0CF8E3B5E3}"
EndProject
Project("{FAE04EC0-301F-11D3-BF4B-00C04F79EFBC}") = "Etiquetas.Bibliotecas.Xml", "Bibliotecas\Etiquetas.Bibliotecas.Xml\Etiquetas.Bibliotecas.Xml.csproj", "{82CA9FEB-E0E3-D33E-0046-F068E91634CE}"
EndProject
Project("{2150E333-8FDC-42A3-9474-1A3956D46DE8}") = "GUI", "GUI", "{587082F5-54C2-4D08-865A-A0228611D6E0}"
EndProject
Project("{2150E333-8FDC-42A3-9474-1A3956D46DE8}") = "tests", "tests", "{B0541C3D-A20B-40D7-91FA-97F2DA2A2FFE}"
EndProject
Project("{FAE04EC0-301F-11D3-BF4B-00C04F79EFBC}") = "Etiqueta.Bibliotecas.TaskCorePipe.Tests", "tests\Etiqueta.Bibliotecas.TaskCorePipe.Tests\Etiqueta.Bibliotecas.TaskCorePipe.Tests.csproj", "{693DB04E-1CE6-929B-F3CB-41C58AAA100B}"
EndProject
Project("{FAE04EC0-301F-11D3-BF4B-00C04F79EFBC}") = "Etiquetas.Bibliotecas.Armazem.Tests", "tests\Etiquetas.Bibliotecas.Armazem.Tests\Etiquetas.Bibliotecas.Armazem.Tests.csproj", "{16A490E3-22A4-6460-E5CB-C244A5AE53A4}"
EndProject
Project("{FAE04EC0-301F-11D3-BF4B-00C04F79EFBC}") = "Etiquetas.Bibliotecas.Comum.Tests", "tests\Etiquetas.Bibliotecas.Comum.Tests\Etiquetas.Bibliotecas.Comum.Tests.csproj", "{46849F2A-2A5F-9747-E6A4-E936BCC50374}"
EndProject
Project("{FAE04EC0-301F-11D3-BF4B-00C04F79EFBC}") = "Etiquetas.Bibliotecas.Json.Tests", "tests\Etiquetas.Bibliotecas.Json.Tests\Etiquetas.Bibliotecas.Json.Tests.csproj", "{64666952-A99B-27BA-88BE-D60D250DDEA2}"
EndProject
Project("{FAE04EC0-301F-11D3-BF4B-00C04F79EFBC}") = "Etiquetas.Bibliotecas.Streams.Tests", "tests\Etiquetas.Bibliotecas.Streams.Tests\Etiquetas.Bibliotecas.Streams.Tests.csproj", "{99AE73A9-D2C9-F861-9B06-0118A465E46B}"
EndProject
Project("{FAE04EC0-301F-11D3-BF4B-00C04F79EFBC}") = "Etiquetas.Bibliotecas.StreamsTXT.Tests", "tests\Etiquetas.Bibliotecas.StreamsTXT.Tests\Etiquetas.Bibliotecas.StreamsTXT.Tests.csproj", "{AB936941-7B16-F240-1A67-5B82E91F647F}"
EndProject
Project("{FAE04EC0-301F-11D3-BF4B-00C04F79EFBC}") = "Etiquetas.Bibliotecas.TaskCore.Tests", "tests\Etiquetas.Bibliotecas.TaskCore.Tests\Etiquetas.Bibliotecas.TaskCore.Tests.csproj", "{0098544D-2253-BA50-EFA1-54B18067FD71}"
EndProject
Project("{FAE04EC0-301F-11D3-BF4B-00C04F79EFBC}") = "Etiquetas.Bibliotecas.Xml.Tests", "tests\Etiquetas.Bibliotecas.Xml.Tests\Etiquetas.Bibliotecas.Xml.Tests.csproj", "{0938D902-F97E-FA03-97AC-696932A14B06}"
EndProject
Project("{2150E333-8FDC-42A3-9474-1A3956D46DE8}") = "BLL", "BLL", "{88BC3945-B1EF-46B3-8D1F-7D2FFCE3891F}"
EndProject
Project("{FAE04EC0-301F-11D3-BF4B-00C04F79EFBC}") = "Etiquetas.Bibliotecas.Rede", "Bibliotecas\Etiquetas.Bibliotecas.Rede\Etiquetas.Bibliotecas.Rede.csproj", "{1801AAC1-CE77-81DB-8CC6-B87F2059732C}"
EndProject
Project("{FAE04EC0-301F-11D3-BF4B-00C04F79EFBC}") = "Etiquetas.GUI.Texto", "GUI\Etiquetas.GUI.Texto\Etiquetas.GUI.Texto.csproj", "{CA385F99-7CCC-40EA-9BCB-AB22812EDAF4}"
EndProject
Project("{FAE04EC0-301F-11D3-BF4B-00C04F79EFBC}") = "Etiquetas.GUI.Texto2", "GUI\Etiquetas.GUI.Texto2\Etiquetas.GUI.Texto2.csproj", "{754B3A82-ACF4-4362-8DCE-FEE402A94F32}"
EndProject
Project("{FAE04EC0-301F-11D3-BF4B-00C04F79EFBC}") = "Etiquetas.BLL", "BLL\Etiquetas.BLL\Etiquetas.BLL.csproj", "{887B8CA4-C8F0-4E7F-8193-46C37B4A668A}"
EndProject
Project("{FAE04EC0-301F-11D3-BF4B-00C04F79EFBC}") = "Etiquetas.GUI.Texto3", "GUI\Etiquetas.GUI.Texto3\Etiquetas.GUI.Texto3.csproj", "{4384204B-253A-15FD-35FB-14F1D25FA16F}"
EndProject
Project("{2150E333-8FDC-42A3-9474-1A3956D46DE8}") = "Application", "Application", "{AD6A35E6-F427-4F0E-B55A-DE2CEF16F898}"
EndProject
Project("{2150E333-8FDC-42A3-9474-1A3956D46DE8}") = "Core", "Core", "{AFD7E58B-AE55-4E95-803D-A35F089DFAE4}"
EndProject
Project("{2150E333-8FDC-42A3-9474-1A3956D46DE8}") = "DAL", "DAL", "{861BB431-CCF2-42E1-B674-ADEA552D30F4}"
EndProject
Project("{2150E333-8FDC-42A3-9474-1A3956D46DE8}") = "Domain", "Domain", "{566F5730-A118-4F86-AB51-70B62E67D5CF}"
EndProject
Project("{FAE04EC0-301F-11D3-BF4B-00C04F79EFBC}") = "Etiquetas.Application", "Application\Etiquetas.Application\Etiquetas.Application.csproj", "{915495F2-2B66-7815-6EE4-D4E1A4F64789}"
EndProject
Project("{FAE04EC0-301F-11D3-BF4B-00C04F79EFBC}") = "Etiquetas.Core", "Core\Etiquetas.Core\Etiquetas.Core.csproj", "{8031B979-7A01-B9ED-7E3A-D08435B49539}"
EndProject
Project("{FAE04EC0-301F-11D3-BF4B-00C04F79EFBC}") = "Etiquetas.DAL", "DAL\Etiquetas.DAL\Etiquetas.DAL.csproj", "{DABA25C0-372D-A3B5-DCEF-32283589E383}"
EndProject
Project("{FAE04EC0-301F-11D3-BF4B-00C04F79EFBC}") = "Etiquetas.Domain", "Domain\Etiquetas.Domain\Etiquetas.Domain.csproj", "{A65156BD-CCFC-6D37-E1C1-06ECFB317D64}"
EndProject
Project("{FAE04EC0-301F-11D3-BF4B-00C04F79EFBC}") = "Etiquetas.ConsoleUI", "GUI\Etiquetas.ConsoleUI\Etiquetas.ConsoleUI.csproj", "{EBED520E-D981-46E9-E2F6-C8B4C1F53E44}"
EndProject
Global
	GlobalSection(SolutionConfigurationPlatforms) = preSolution
		Debug|Any CPU = Debug|Any CPU
		Debug|x64 = Debug|x64
		Release|Any CPU = Release|Any CPU
		Release|x64 = Release|x64
	EndGlobalSection
	GlobalSection(ProjectConfigurationPlatforms) = postSolution
		{63D97F96-98D7-61D8-2BFA-301D0504E802}.Debug|Any CPU.ActiveCfg = Debug|Any CPU
		{63D97F96-98D7-61D8-2BFA-301D0504E802}.Debug|Any CPU.Build.0 = Debug|Any CPU
		{63D97F96-98D7-61D8-2BFA-301D0504E802}.Debug|x64.ActiveCfg = Debug|x64
		{63D97F96-98D7-61D8-2BFA-301D0504E802}.Debug|x64.Build.0 = Debug|x64
		{63D97F96-98D7-61D8-2BFA-301D0504E802}.Release|Any CPU.ActiveCfg = Release|Any CPU
		{63D97F96-98D7-61D8-2BFA-301D0504E802}.Release|Any CPU.Build.0 = Release|Any CPU
		{63D97F96-98D7-61D8-2BFA-301D0504E802}.Release|x64.ActiveCfg = Release|x64
		{63D97F96-98D7-61D8-2BFA-301D0504E802}.Release|x64.Build.0 = Release|x64
		{6DF7EE74-EC7E-9DF2-1BA3-578C7B0CC59B}.Debug|Any CPU.ActiveCfg = Debug|Any CPU
		{6DF7EE74-EC7E-9DF2-1BA3-578C7B0CC59B}.Debug|Any CPU.Build.0 = Debug|Any CPU
		{6DF7EE74-EC7E-9DF2-1BA3-578C7B0CC59B}.Debug|x64.ActiveCfg = Debug|x64
		{6DF7EE74-EC7E-9DF2-1BA3-578C7B0CC59B}.Debug|x64.Build.0 = Debug|x64
		{6DF7EE74-EC7E-9DF2-1BA3-578C7B0CC59B}.Release|Any CPU.ActiveCfg = Release|Any CPU
		{6DF7EE74-EC7E-9DF2-1BA3-578C7B0CC59B}.Release|Any CPU.Build.0 = Release|Any CPU
		{6DF7EE74-EC7E-9DF2-1BA3-578C7B0CC59B}.Release|x64.ActiveCfg = Release|x64
		{6DF7EE74-EC7E-9DF2-1BA3-578C7B0CC59B}.Release|x64.Build.0 = Release|x64
		{9D976E0B-E271-E4B3-7F0C-A21E43BC682D}.Debug|Any CPU.ActiveCfg = Debug|Any CPU
		{9D976E0B-E271-E4B3-7F0C-A21E43BC682D}.Debug|Any CPU.Build.0 = Debug|Any CPU
		{9D976E0B-E271-E4B3-7F0C-A21E43BC682D}.Debug|x64.ActiveCfg = Debug|x64
		{9D976E0B-E271-E4B3-7F0C-A21E43BC682D}.Debug|x64.Build.0 = Debug|x64
		{9D976E0B-E271-E4B3-7F0C-A21E43BC682D}.Release|Any CPU.ActiveCfg = Release|Any CPU
		{9D976E0B-E271-E4B3-7F0C-A21E43BC682D}.Release|Any CPU.Build.0 = Release|Any CPU
		{9D976E0B-E271-E4B3-7F0C-A21E43BC682D}.Release|x64.ActiveCfg = Release|x64
		{9D976E0B-E271-E4B3-7F0C-A21E43BC682D}.Release|x64.Build.0 = Release|x64
		{8BB9E989-78B2-CD15-E872-12DB55F44386}.Debug|Any CPU.ActiveCfg = Debug|Any CPU
		{8BB9E989-78B2-CD15-E872-12DB55F44386}.Debug|Any CPU.Build.0 = Debug|Any CPU
		{8BB9E989-78B2-CD15-E872-12DB55F44386}.Debug|x64.ActiveCfg = Debug|x64
		{8BB9E989-78B2-CD15-E872-12DB55F44386}.Debug|x64.Build.0 = Debug|x64
		{8BB9E989-78B2-CD15-E872-12DB55F44386}.Release|Any CPU.ActiveCfg = Release|Any CPU
		{8BB9E989-78B2-CD15-E872-12DB55F44386}.Release|Any CPU.Build.0 = Release|Any CPU
		{8BB9E989-78B2-CD15-E872-12DB55F44386}.Release|x64.ActiveCfg = Release|x64
		{8BB9E989-78B2-CD15-E872-12DB55F44386}.Release|x64.Build.0 = Release|x64
		{1FF063F8-F55D-1B5F-7E68-92A108BA5352}.Debug|Any CPU.ActiveCfg = Debug|Any CPU
		{1FF063F8-F55D-1B5F-7E68-92A108BA5352}.Debug|Any CPU.Build.0 = Debug|Any CPU
		{1FF063F8-F55D-1B5F-7E68-92A108BA5352}.Debug|x64.ActiveCfg = Debug|x64
		{1FF063F8-F55D-1B5F-7E68-92A108BA5352}.Debug|x64.Build.0 = Debug|x64
		{1FF063F8-F55D-1B5F-7E68-92A108BA5352}.Release|Any CPU.ActiveCfg = Release|Any CPU
		{1FF063F8-F55D-1B5F-7E68-92A108BA5352}.Release|Any CPU.Build.0 = Release|Any CPU
		{1FF063F8-F55D-1B5F-7E68-92A108BA5352}.Release|x64.ActiveCfg = Release|x64
		{1FF063F8-F55D-1B5F-7E68-92A108BA5352}.Release|x64.Build.0 = Release|x64
		{9F020754-569B-0283-BD4E-C13E651D646B}.Debug|Any CPU.ActiveCfg = Debug|Any CPU
		{9F020754-569B-0283-BD4E-C13E651D646B}.Debug|Any CPU.Build.0 = Debug|Any CPU
		{9F020754-569B-0283-BD4E-C13E651D646B}.Debug|x64.ActiveCfg = Debug|x64
		{9F020754-569B-0283-BD4E-C13E651D646B}.Debug|x64.Build.0 = Debug|x64
		{9F020754-569B-0283-BD4E-C13E651D646B}.Release|Any CPU.ActiveCfg = Release|Any CPU
		{9F020754-569B-0283-BD4E-C13E651D646B}.Release|Any CPU.Build.0 = Release|Any CPU
		{9F020754-569B-0283-BD4E-C13E651D646B}.Release|x64.ActiveCfg = Release|x64
		{9F020754-569B-0283-BD4E-C13E651D646B}.Release|x64.Build.0 = Release|x64
		{A97C6DB0-3BAD-F93A-D7E8-D0D6F91ADC35}.Debug|Any CPU.ActiveCfg = Debug|Any CPU
		{A97C6DB0-3BAD-F93A-D7E8-D0D6F91ADC35}.Debug|Any CPU.Build.0 = Debug|Any CPU
		{A97C6DB0-3BAD-F93A-D7E8-D0D6F91ADC35}.Debug|x64.ActiveCfg = Debug|x64
		{A97C6DB0-3BAD-F93A-D7E8-D0D6F91ADC35}.Debug|x64.Build.0 = Debug|x64
		{A97C6DB0-3BAD-F93A-D7E8-D0D6F91ADC35}.Release|Any CPU.ActiveCfg = Release|Any CPU
		{A97C6DB0-3BAD-F93A-D7E8-D0D6F91ADC35}.Release|Any CPU.Build.0 = Release|Any CPU
		{A97C6DB0-3BAD-F93A-D7E8-D0D6F91ADC35}.Release|x64.ActiveCfg = Release|x64
		{A97C6DB0-3BAD-F93A-D7E8-D0D6F91ADC35}.Release|x64.Build.0 = Release|x64
		{95B32FF9-F7A9-5C67-9738-CB1B0BF03CB2}.Debug|Any CPU.ActiveCfg = Debug|Any CPU
		{95B32FF9-F7A9-5C67-9738-CB1B0BF03CB2}.Debug|Any CPU.Build.0 = Debug|Any CPU
		{95B32FF9-F7A9-5C67-9738-CB1B0BF03CB2}.Debug|x64.ActiveCfg = Debug|x64
		{95B32FF9-F7A9-5C67-9738-CB1B0BF03CB2}.Debug|x64.Build.0 = Debug|x64
		{95B32FF9-F7A9-5C67-9738-CB1B0BF03CB2}.Release|Any CPU.ActiveCfg = Release|Any CPU
		{95B32FF9-F7A9-5C67-9738-CB1B0BF03CB2}.Release|Any CPU.Build.0 = Release|Any CPU
		{95B32FF9-F7A9-5C67-9738-CB1B0BF03CB2}.Release|x64.ActiveCfg = Release|x64
		{95B32FF9-F7A9-5C67-9738-CB1B0BF03CB2}.Release|x64.Build.0 = Release|x64
		{0A029F61-80EA-5C7D-DF69-FFFB5BC4E7B0}.Debug|Any CPU.ActiveCfg = Debug|Any CPU
		{0A029F61-80EA-5C7D-DF69-FFFB5BC4E7B0}.Debug|Any CPU.Build.0 = Debug|Any CPU
		{0A029F61-80EA-5C7D-DF69-FFFB5BC4E7B0}.Debug|x64.ActiveCfg = Debug|x64
		{0A029F61-80EA-5C7D-DF69-FFFB5BC4E7B0}.Debug|x64.Build.0 = Debug|x64
		{0A029F61-80EA-5C7D-DF69-FFFB5BC4E7B0}.Release|Any CPU.ActiveCfg = Release|Any CPU
		{0A029F61-80EA-5C7D-DF69-FFFB5BC4E7B0}.Release|Any CPU.Build.0 = Release|Any CPU
		{0A029F61-80EA-5C7D-DF69-FFFB5BC4E7B0}.Release|x64.ActiveCfg = Release|x64
		{0A029F61-80EA-5C7D-DF69-FFFB5BC4E7B0}.Release|x64.Build.0 = Release|x64
		{C7431669-CE8A-3271-4350-233CBDED4D5C}.Debug|Any CPU.ActiveCfg = Debug|Any CPU
		{C7431669-CE8A-3271-4350-233CBDED4D5C}.Debug|Any CPU.Build.0 = Debug|Any CPU
		{C7431669-CE8A-3271-4350-233CBDED4D5C}.Debug|x64.ActiveCfg = Debug|x64
		{C7431669-CE8A-3271-4350-233CBDED4D5C}.Debug|x64.Build.0 = Debug|x64
		{C7431669-CE8A-3271-4350-233CBDED4D5C}.Release|Any CPU.ActiveCfg = Release|Any CPU
		{C7431669-CE8A-3271-4350-233CBDED4D5C}.Release|Any CPU.Build.0 = Release|Any CPU
		{C7431669-CE8A-3271-4350-233CBDED4D5C}.Release|x64.ActiveCfg = Release|x64
		{C7431669-CE8A-3271-4350-233CBDED4D5C}.Release|x64.Build.0 = Release|x64
		{E3467729-2905-D999-96A4-8A0CF8E3B5E3}.Debug|Any CPU.ActiveCfg = Debug|Any CPU
		{E3467729-2905-D999-96A4-8A0CF8E3B5E3}.Debug|Any CPU.Build.0 = Debug|Any CPU
		{E3467729-2905-D999-96A4-8A0CF8E3B5E3}.Debug|x64.ActiveCfg = Debug|x64
		{E3467729-2905-D999-96A4-8A0CF8E3B5E3}.Debug|x64.Build.0 = Debug|x64
		{E3467729-2905-D999-96A4-8A0CF8E3B5E3}.Release|Any CPU.ActiveCfg = Release|Any CPU
		{E3467729-2905-D999-96A4-8A0CF8E3B5E3}.Release|Any CPU.Build.0 = Release|Any CPU
		{E3467729-2905-D999-96A4-8A0CF8E3B5E3}.Release|x64.ActiveCfg = Release|x64
		{E3467729-2905-D999-96A4-8A0CF8E3B5E3}.Release|x64.Build.0 = Release|x64
		{82CA9FEB-E0E3-D33E-0046-F068E91634CE}.Debug|Any CPU.ActiveCfg = Debug|Any CPU
		{82CA9FEB-E0E3-D33E-0046-F068E91634CE}.Debug|Any CPU.Build.0 = Debug|Any CPU
		{82CA9FEB-E0E3-D33E-0046-F068E91634CE}.Debug|x64.ActiveCfg = Debug|x64
		{82CA9FEB-E0E3-D33E-0046-F068E91634CE}.Debug|x64.Build.0 = Debug|x64
		{82CA9FEB-E0E3-D33E-0046-F068E91634CE}.Release|Any CPU.ActiveCfg = Release|Any CPU
		{82CA9FEB-E0E3-D33E-0046-F068E91634CE}.Release|Any CPU.Build.0 = Release|Any CPU
		{82CA9FEB-E0E3-D33E-0046-F068E91634CE}.Release|x64.ActiveCfg = Release|x64
		{82CA9FEB-E0E3-D33E-0046-F068E91634CE}.Release|x64.Build.0 = Release|x64
		{693DB04E-1CE6-929B-F3CB-41C58AAA100B}.Debug|Any CPU.ActiveCfg = Debug|Any CPU
		{693DB04E-1CE6-929B-F3CB-41C58AAA100B}.Debug|Any CPU.Build.0 = Debug|Any CPU
		{693DB04E-1CE6-929B-F3CB-41C58AAA100B}.Debug|x64.ActiveCfg = Debug|x64
		{693DB04E-1CE6-929B-F3CB-41C58AAA100B}.Debug|x64.Build.0 = Debug|x64
		{693DB04E-1CE6-929B-F3CB-41C58AAA100B}.Release|Any CPU.ActiveCfg = Release|Any CPU
		{693DB04E-1CE6-929B-F3CB-41C58AAA100B}.Release|Any CPU.Build.0 = Release|Any CPU
		{693DB04E-1CE6-929B-F3CB-41C58AAA100B}.Release|x64.ActiveCfg = Release|x64
		{693DB04E-1CE6-929B-F3CB-41C58AAA100B}.Release|x64.Build.0 = Release|x64
		{16A490E3-22A4-6460-E5CB-C244A5AE53A4}.Debug|Any CPU.ActiveCfg = Debug|Any CPU
		{16A490E3-22A4-6460-E5CB-C244A5AE53A4}.Debug|Any CPU.Build.0 = Debug|Any CPU
		{16A490E3-22A4-6460-E5CB-C244A5AE53A4}.Debug|x64.ActiveCfg = Debug|x64
		{16A490E3-22A4-6460-E5CB-C244A5AE53A4}.Debug|x64.Build.0 = Debug|x64
		{16A490E3-22A4-6460-E5CB-C244A5AE53A4}.Release|Any CPU.ActiveCfg = Release|Any CPU
		{16A490E3-22A4-6460-E5CB-C244A5AE53A4}.Release|Any CPU.Build.0 = Release|Any CPU
		{16A490E3-22A4-6460-E5CB-C244A5AE53A4}.Release|x64.ActiveCfg = Release|x64
		{16A490E3-22A4-6460-E5CB-C244A5AE53A4}.Release|x64.Build.0 = Release|x64
		{46849F2A-2A5F-9747-E6A4-E936BCC50374}.Debug|Any CPU.ActiveCfg = Debug|Any CPU
		{46849F2A-2A5F-9747-E6A4-E936BCC50374}.Debug|Any CPU.Build.0 = Debug|Any CPU
		{46849F2A-2A5F-9747-E6A4-E936BCC50374}.Debug|x64.ActiveCfg = Debug|x64
		{46849F2A-2A5F-9747-E6A4-E936BCC50374}.Debug|x64.Build.0 = Debug|x64
		{46849F2A-2A5F-9747-E6A4-E936BCC50374}.Release|Any CPU.ActiveCfg = Release|Any CPU
		{46849F2A-2A5F-9747-E6A4-E936BCC50374}.Release|Any CPU.Build.0 = Release|Any CPU
		{46849F2A-2A5F-9747-E6A4-E936BCC50374}.Release|x64.ActiveCfg = Release|x64
		{46849F2A-2A5F-9747-E6A4-E936BCC50374}.Release|x64.Build.0 = Release|x64
		{64666952-A99B-27BA-88BE-D60D250DDEA2}.Debug|Any CPU.ActiveCfg = Debug|Any CPU
		{64666952-A99B-27BA-88BE-D60D250DDEA2}.Debug|Any CPU.Build.0 = Debug|Any CPU
		{64666952-A99B-27BA-88BE-D60D250DDEA2}.Debug|x64.ActiveCfg = Debug|x64
		{64666952-A99B-27BA-88BE-D60D250DDEA2}.Debug|x64.Build.0 = Debug|x64
		{64666952-A99B-27BA-88BE-D60D250DDEA2}.Release|Any CPU.ActiveCfg = Release|Any CPU
		{64666952-A99B-27BA-88BE-D60D250DDEA2}.Release|Any CPU.Build.0 = Release|Any CPU
		{64666952-A99B-27BA-88BE-D60D250DDEA2}.Release|x64.ActiveCfg = Release|x64
		{64666952-A99B-27BA-88BE-D60D250DDEA2}.Release|x64.Build.0 = Release|x64
		{99AE73A9-D2C9-F861-9B06-0118A465E46B}.Debug|Any CPU.ActiveCfg = Debug|Any CPU
		{99AE73A9-D2C9-F861-9B06-0118A465E46B}.Debug|Any CPU.Build.0 = Debug|Any CPU
		{99AE73A9-D2C9-F861-9B06-0118A465E46B}.Debug|x64.ActiveCfg = Debug|x64
		{99AE73A9-D2C9-F861-9B06-0118A465E46B}.Debug|x64.Build.0 = Debug|x64
		{99AE73A9-D2C9-F861-9B06-0118A465E46B}.Release|Any CPU.ActiveCfg = Release|Any CPU
		{99AE73A9-D2C9-F861-9B06-0118A465E46B}.Release|Any CPU.Build.0 = Release|Any CPU
		{99AE73A9-D2C9-F861-9B06-0118A465E46B}.Release|x64.ActiveCfg = Release|x64
		{99AE73A9-D2C9-F861-9B06-0118A465E46B}.Release|x64.Build.0 = Release|x64
		{AB936941-7B16-F240-1A67-5B82E91F647F}.Debug|Any CPU.ActiveCfg = Debug|Any CPU
		{AB936941-7B16-F240-1A67-5B82E91F647F}.Debug|Any CPU.Build.0 = Debug|Any CPU
		{AB936941-7B16-F240-1A67-5B82E91F647F}.Debug|x64.ActiveCfg = Debug|x64
		{AB936941-7B16-F240-1A67-5B82E91F647F}.Debug|x64.Build.0 = Debug|x64
		{AB936941-7B16-F240-1A67-5B82E91F647F}.Release|Any CPU.ActiveCfg = Release|Any CPU
		{AB936941-7B16-F240-1A67-5B82E91F647F}.Release|Any CPU.Build.0 = Release|Any CPU
		{AB936941-7B16-F240-1A67-5B82E91F647F}.Release|x64.ActiveCfg = Release|x64
		{AB936941-7B16-F240-1A67-5B82E91F647F}.Release|x64.Build.0 = Release|x64
		{0098544D-2253-BA50-EFA1-54B18067FD71}.Debug|Any CPU.ActiveCfg = Debug|Any CPU
		{0098544D-2253-BA50-EFA1-54B18067FD71}.Debug|Any CPU.Build.0 = Debug|Any CPU
		{0098544D-2253-BA50-EFA1-54B18067FD71}.Debug|x64.ActiveCfg = Debug|x64
		{0098544D-2253-BA50-EFA1-54B18067FD71}.Debug|x64.Build.0 = Debug|x64
		{0098544D-2253-BA50-EFA1-54B18067FD71}.Release|Any CPU.ActiveCfg = Release|Any CPU
		{0098544D-2253-BA50-EFA1-54B18067FD71}.Release|Any CPU.Build.0 = Release|Any CPU
		{0098544D-2253-BA50-EFA1-54B18067FD71}.Release|x64.ActiveCfg = Release|x64
		{0098544D-2253-BA50-EFA1-54B18067FD71}.Release|x64.Build.0 = Release|x64
		{0938D902-F97E-FA03-97AC-696932A14B06}.Debug|Any CPU.ActiveCfg = Debug|Any CPU
		{0938D902-F97E-FA03-97AC-696932A14B06}.Debug|Any CPU.Build.0 = Debug|Any CPU
		{0938D902-F97E-FA03-97AC-696932A14B06}.Debug|x64.ActiveCfg = Debug|x64
		{0938D902-F97E-FA03-97AC-696932A14B06}.Debug|x64.Build.0 = Debug|x64
		{0938D902-F97E-FA03-97AC-696932A14B06}.Release|Any CPU.ActiveCfg = Release|Any CPU
		{0938D902-F97E-FA03-97AC-696932A14B06}.Release|Any CPU.Build.0 = Release|Any CPU
		{0938D902-F97E-FA03-97AC-696932A14B06}.Release|x64.ActiveCfg = Release|x64
		{0938D902-F97E-FA03-97AC-696932A14B06}.Release|x64.Build.0 = Release|x64
		{1801AAC1-CE77-81DB-8CC6-B87F2059732C}.Debug|Any CPU.ActiveCfg = Debug|Any CPU
		{1801AAC1-CE77-81DB-8CC6-B87F2059732C}.Debug|Any CPU.Build.0 = Debug|Any CPU
		{1801AAC1-CE77-81DB-8CC6-B87F2059732C}.Debug|x64.ActiveCfg = Debug|x64
		{1801AAC1-CE77-81DB-8CC6-B87F2059732C}.Debug|x64.Build.0 = Debug|x64
		{1801AAC1-CE77-81DB-8CC6-B87F2059732C}.Release|Any CPU.ActiveCfg = Release|Any CPU
		{1801AAC1-CE77-81DB-8CC6-B87F2059732C}.Release|Any CPU.Build.0 = Release|Any CPU
		{1801AAC1-CE77-81DB-8CC6-B87F2059732C}.Release|x64.ActiveCfg = Release|x64
		{1801AAC1-CE77-81DB-8CC6-B87F2059732C}.Release|x64.Build.0 = Release|x64
		{CA385F99-7CCC-40EA-9BCB-AB22812EDAF4}.Debug|Any CPU.ActiveCfg = Debug|Any CPU
		{CA385F99-7CCC-40EA-9BCB-AB22812EDAF4}.Debug|x64.ActiveCfg = Debug|x64
		{CA385F99-7CCC-40EA-9BCB-AB22812EDAF4}.Release|Any CPU.ActiveCfg = Release|Any CPU
		{CA385F99-7CCC-40EA-9BCB-AB22812EDAF4}.Release|x64.ActiveCfg = Release|x64
		{754B3A82-ACF4-4362-8DCE-FEE402A94F32}.Debug|Any CPU.ActiveCfg = Debug|Any CPU
		{754B3A82-ACF4-4362-8DCE-FEE402A94F32}.Debug|Any CPU.Build.0 = Debug|Any CPU
		{754B3A82-ACF4-4362-8DCE-FEE402A94F32}.Debug|x64.ActiveCfg = Debug|x64
		{754B3A82-ACF4-4362-8DCE-FEE402A94F32}.Debug|x64.Build.0 = Debug|x64
		{754B3A82-ACF4-4362-8DCE-FEE402A94F32}.Release|Any CPU.ActiveCfg = Release|Any CPU
		{754B3A82-ACF4-4362-8DCE-FEE402A94F32}.Release|Any CPU.Build.0 = Release|Any CPU
		{754B3A82-ACF4-4362-8DCE-FEE402A94F32}.Release|x64.ActiveCfg = Release|x64
		{754B3A82-ACF4-4362-8DCE-FEE402A94F32}.Release|x64.Build.0 = Release|x64
		{887B8CA4-C8F0-4E7F-8193-46C37B4A668A}.Debug|Any CPU.ActiveCfg = Debug|Any CPU
		{887B8CA4-C8F0-4E7F-8193-46C37B4A668A}.Debug|Any CPU.Build.0 = Debug|Any CPU
		{887B8CA4-C8F0-4E7F-8193-46C37B4A668A}.Debug|x64.ActiveCfg = Debug|x64
		{887B8CA4-C8F0-4E7F-8193-46C37B4A668A}.Debug|x64.Build.0 = Debug|x64
		{887B8CA4-C8F0-4E7F-8193-46C37B4A668A}.Release|Any CPU.ActiveCfg = Release|Any CPU
		{887B8CA4-C8F0-4E7F-8193-46C37B4A668A}.Release|Any CPU.Build.0 = Release|Any CPU
		{887B8CA4-C8F0-4E7F-8193-46C37B4A668A}.Release|x64.ActiveCfg = Release|x64
		{887B8CA4-C8F0-4E7F-8193-46C37B4A668A}.Release|x64.Build.0 = Release|x64
		{4384204B-253A-15FD-35FB-14F1D25FA16F}.Debug|Any CPU.ActiveCfg = Debug|Any CPU
		{4384204B-253A-15FD-35FB-14F1D25FA16F}.Debug|Any CPU.Build.0 = Debug|Any CPU
		{4384204B-253A-15FD-35FB-14F1D25FA16F}.Debug|x64.ActiveCfg = Debug|x64
		{4384204B-253A-15FD-35FB-14F1D25FA16F}.Debug|x64.Build.0 = Debug|x64
		{4384204B-253A-15FD-35FB-14F1D25FA16F}.Release|Any CPU.ActiveCfg = Release|Any CPU
		{4384204B-253A-15FD-35FB-14F1D25FA16F}.Release|Any CPU.Build.0 = Release|Any CPU
		{4384204B-253A-15FD-35FB-14F1D25FA16F}.Release|x64.ActiveCfg = Release|x64
		{4384204B-253A-15FD-35FB-14F1D25FA16F}.Release|x64.Build.0 = Release|x64
		{915495F2-2B66-7815-6EE4-D4E1A4F64789}.Debug|Any CPU.ActiveCfg = Debug|Any CPU
		{915495F2-2B66-7815-6EE4-D4E1A4F64789}.Debug|Any CPU.Build.0 = Debug|Any CPU
		{915495F2-2B66-7815-6EE4-D4E1A4F64789}.Debug|x64.ActiveCfg = Debug|x64
		{915495F2-2B66-7815-6EE4-D4E1A4F64789}.Debug|x64.Build.0 = Debug|x64
		{915495F2-2B66-7815-6EE4-D4E1A4F64789}.Release|Any CPU.ActiveCfg = Release|Any CPU
		{915495F2-2B66-7815-6EE4-D4E1A4F64789}.Release|Any CPU.Build.0 = Release|Any CPU
		{915495F2-2B66-7815-6EE4-D4E1A4F64789}.Release|x64.ActiveCfg = Release|x64
		{915495F2-2B66-7815-6EE4-D4E1A4F64789}.Release|x64.Build.0 = Release|x64
		{8031B979-7A01-B9ED-7E3A-D08435B49539}.Debug|Any CPU.ActiveCfg = Debug|Any CPU
		{8031B979-7A01-B9ED-7E3A-D08435B49539}.Debug|Any CPU.Build.0 = Debug|Any CPU
		{8031B979-7A01-B9ED-7E3A-D08435B49539}.Debug|x64.ActiveCfg = Debug|x64
		{8031B979-7A01-B9ED-7E3A-D08435B49539}.Debug|x64.Build.0 = Debug|x64
		{8031B979-7A01-B9ED-7E3A-D08435B49539}.Release|Any CPU.ActiveCfg = Release|Any CPU
		{8031B979-7A01-B9ED-7E3A-D08435B49539}.Release|Any CPU.Build.0 = Release|Any CPU
		{8031B979-7A01-B9ED-7E3A-D08435B49539}.Release|x64.ActiveCfg = Release|x64
		{8031B979-7A01-B9ED-7E3A-D08435B49539}.Release|x64.Build.0 = Release|x64
		{DABA25C0-372D-A3B5-DCEF-32283589E383}.Debug|Any CPU.ActiveCfg = Debug|Any CPU
		{DABA25C0-372D-A3B5-DCEF-32283589E383}.Debug|Any CPU.Build.0 = Debug|Any CPU
		{DABA25C0-372D-A3B5-DCEF-32283589E383}.Debug|x64.ActiveCfg = Debug|x64
		{DABA25C0-372D-A3B5-DCEF-32283589E383}.Debug|x64.Build.0 = Debug|x64
		{DABA25C0-372D-A3B5-DCEF-32283589E383}.Release|Any CPU.ActiveCfg = Release|Any CPU
		{DABA25C0-372D-A3B5-DCEF-32283589E383}.Release|Any CPU.Build.0 = Release|Any CPU
		{DABA25C0-372D-A3B5-DCEF-32283589E383}.Release|x64.ActiveCfg = Release|x64
		{DABA25C0-372D-A3B5-DCEF-32283589E383}.Release|x64.Build.0 = Release|x64
		{A65156BD-CCFC-6D37-E1C1-06ECFB317D64}.Debug|Any CPU.ActiveCfg = Debug|Any CPU
		{A65156BD-CCFC-6D37-E1C1-06ECFB317D64}.Debug|Any CPU.Build.0 = Debug|Any CPU
		{A65156BD-CCFC-6D37-E1C1-06ECFB317D64}.Debug|x64.ActiveCfg = Debug|x64
		{A65156BD-CCFC-6D37-E1C1-06ECFB317D64}.Debug|x64.Build.0 = Debug|x64
		{A65156BD-CCFC-6D37-E1C1-06ECFB317D64}.Release|Any CPU.ActiveCfg = Release|Any CPU
		{A65156BD-CCFC-6D37-E1C1-06ECFB317D64}.Release|Any CPU.Build.0 = Release|Any CPU
		{A65156BD-CCFC-6D37-E1C1-06ECFB317D64}.Release|x64.ActiveCfg = Release|x64
		{A65156BD-CCFC-6D37-E1C1-06ECFB317D64}.Release|x64.Build.0 = Release|x64
		{EBED520E-D981-46E9-E2F6-C8B4C1F53E44}.Debug|Any CPU.ActiveCfg = Debug|Any CPU
		{EBED520E-D981-46E9-E2F6-C8B4C1F53E44}.Debug|Any CPU.Build.0 = Debug|Any CPU
		{EBED520E-D981-46E9-E2F6-C8B4C1F53E44}.Debug|x64.ActiveCfg = Debug|x64
		{EBED520E-D981-46E9-E2F6-C8B4C1F53E44}.Debug|x64.Build.0 = Debug|x64
		{EBED520E-D981-46E9-E2F6-C8B4C1F53E44}.Release|Any CPU.ActiveCfg = Release|Any CPU
		{EBED520E-D981-46E9-E2F6-C8B4C1F53E44}.Release|Any CPU.Build.0 = Release|Any CPU
		{EBED520E-D981-46E9-E2F6-C8B4C1F53E44}.Release|x64.ActiveCfg = Release|x64
		{EBED520E-D981-46E9-E2F6-C8B4C1F53E44}.Release|x64.Build.0 = Release|x64
	EndGlobalSection
	GlobalSection(SolutionProperties) = preSolution
		HideSolutionNode = FALSE
	EndGlobalSection
	GlobalSection(NestedProjects) = preSolution
		{63D97F96-98D7-61D8-2BFA-301D0504E802} = {02EA681E-C7D8-13C7-8484-4AC65E1B71E8}
		{6DF7EE74-EC7E-9DF2-1BA3-578C7B0CC59B} = {02EA681E-C7D8-13C7-8484-4AC65E1B71E8}
		{9D976E0B-E271-E4B3-7F0C-A21E43BC682D} = {02EA681E-C7D8-13C7-8484-4AC65E1B71E8}
		{8BB9E989-78B2-CD15-E872-12DB55F44386} = {02EA681E-C7D8-13C7-8484-4AC65E1B71E8}
		{1FF063F8-F55D-1B5F-7E68-92A108BA5352} = {02EA681E-C7D8-13C7-8484-4AC65E1B71E8}
		{9F020754-569B-0283-BD4E-C13E651D646B} = {02EA681E-C7D8-13C7-8484-4AC65E1B71E8}
		{A97C6DB0-3BAD-F93A-D7E8-D0D6F91ADC35} = {02EA681E-C7D8-13C7-8484-4AC65E1B71E8}
		{95B32FF9-F7A9-5C67-9738-CB1B0BF03CB2} = {02EA681E-C7D8-13C7-8484-4AC65E1B71E8}
		{0A029F61-80EA-5C7D-DF69-FFFB5BC4E7B0} = {02EA681E-C7D8-13C7-8484-4AC65E1B71E8}
		{C7431669-CE8A-3271-4350-233CBDED4D5C} = {02EA681E-C7D8-13C7-8484-4AC65E1B71E8}
		{E3467729-2905-D999-96A4-8A0CF8E3B5E3} = {02EA681E-C7D8-13C7-8484-4AC65E1B71E8}
		{82CA9FEB-E0E3-D33E-0046-F068E91634CE} = {02EA681E-C7D8-13C7-8484-4AC65E1B71E8}
		{693DB04E-1CE6-929B-F3CB-41C58AAA100B} = {B0541C3D-A20B-40D7-91FA-97F2DA2A2FFE}
		{16A490E3-22A4-6460-E5CB-C244A5AE53A4} = {B0541C3D-A20B-40D7-91FA-97F2DA2A2FFE}
		{46849F2A-2A5F-9747-E6A4-E936BCC50374} = {B0541C3D-A20B-40D7-91FA-97F2DA2A2FFE}
		{64666952-A99B-27BA-88BE-D60D250DDEA2} = {B0541C3D-A20B-40D7-91FA-97F2DA2A2FFE}
		{99AE73A9-D2C9-F861-9B06-0118A465E46B} = {B0541C3D-A20B-40D7-91FA-97F2DA2A2FFE}
		{AB936941-7B16-F240-1A67-5B82E91F647F} = {B0541C3D-A20B-40D7-91FA-97F2DA2A2FFE}
		{0098544D-2253-BA50-EFA1-54B18067FD71} = {B0541C3D-A20B-40D7-91FA-97F2DA2A2FFE}
		{0938D902-F97E-FA03-97AC-696932A14B06} = {B0541C3D-A20B-40D7-91FA-97F2DA2A2FFE}
		{1801AAC1-CE77-81DB-8CC6-B87F2059732C} = {02EA681E-C7D8-13C7-8484-4AC65E1B71E8}
		{CA385F99-7CCC-40EA-9BCB-AB22812EDAF4} = {587082F5-54C2-4D08-865A-A0228611D6E0}
		{754B3A82-ACF4-4362-8DCE-FEE402A94F32} = {587082F5-54C2-4D08-865A-A0228611D6E0}
		{887B8CA4-C8F0-4E7F-8193-46C37B4A668A} = {88BC3945-B1EF-46B3-8D1F-7D2FFCE3891F}
		{4384204B-253A-15FD-35FB-14F1D25FA16F} = {587082F5-54C2-4D08-865A-A0228611D6E0}
		{915495F2-2B66-7815-6EE4-D4E1A4F64789} = {AD6A35E6-F427-4F0E-B55A-DE2CEF16F898}
		{8031B979-7A01-B9ED-7E3A-D08435B49539} = {AFD7E58B-AE55-4E95-803D-A35F089DFAE4}
		{DABA25C0-372D-A3B5-DCEF-32283589E383} = {861BB431-CCF2-42E1-B674-ADEA552D30F4}
		{A65156BD-CCFC-6D37-E1C1-06ECFB317D64} = {566F5730-A118-4F86-AB51-70B62E67D5CF}
		{EBED520E-D981-46E9-E2F6-C8B4C1F53E44} = {587082F5-54C2-4D08-865A-A0228611D6E0}
	EndGlobalSection
	GlobalSection(ExtensibilityGlobals) = postSolution
		SolutionGuid = {6AFFCD86-C050-4D39-BFE2-3E1D651B9743}
	EndGlobalSection
EndGlobal
